
Microsoft Visual Studio Solution File, Format Version 12.00
# Visual Studio Version 17
VisualStudioVersion = 17.5.33502.453
MinimumVisualStudioVersion = 10.0.40219.1
Project("{FAE04EC0-301F-11D3-BF4B-00C04F79EFBC}") = "MSIT153Site", "MSIT153Site.csproj", "{2D514155-6B18-4493-A796-405592851460}"
EndProject
Global
	GlobalSection(SolutionConfigurationPlatforms) = preSolution
		Debug|Any CPU = Debug|Any CPU
		Release|Any CPU = Release|Any CPU
	EndGlobalSection
	GlobalSection(ProjectConfigurationPlatforms) = postSolution
		{2D514155-6B18-4493-A796-405592851460}.Debug|Any CPU.ActiveCfg = Debug|Any CPU
		{2D514155-6B18-4493-A796-405592851460}.Debug|Any CPU.Build.0 = Debug|Any CPU
		{2D514155-6B18-4493-A796-405592851460}.Release|Any CPU.ActiveCfg = Release|Any CPU
		{2D514155-6B18-4493-A796-405592851460}.Release|Any CPU.Build.0 = Release|Any CPU
	EndGlobalSection
	GlobalSection(SolutionProperties) = preSolution
		HideSolutionNode = FALSE
	EndGlobalSection
	GlobalSection(ExtensibilityGlobals) = postSolution
		SolutionGuid = {41882573-C930-434A-93F7-65E4DB1FCDD3}
	EndGlobalSection
EndGlobal
